
Microsoft Visual Studio Solution File, Format Version 12.00
# Visual Studio Version 17
VisualStudioVersion = 17.6.33801.468
MinimumVisualStudioVersion = 10.0.40219.1
Project("{FAE04EC0-301F-11D3-BF4B-00C04F79EFBC}") = "IOB - Controle de Saldo Bancário", "IOB - Controle de Saldo Bancário.csproj", "{31AA367E-BA6D-46E2-9F45-CB182CA6A9E5}"
EndProject
Global
	GlobalSection(SolutionConfigurationPlatforms) = preSolution
		Debug|Any CPU = Debug|Any CPU
		Release|Any CPU = Release|Any CPU
	EndGlobalSection
	GlobalSection(ProjectConfigurationPlatforms) = postSolution
		{31AA367E-BA6D-46E2-9F45-CB182CA6A9E5}.Debug|Any CPU.ActiveCfg = Debug|Any CPU
		{31AA367E-BA6D-46E2-9F45-CB182CA6A9E5}.Debug|Any CPU.Build.0 = Debug|Any CPU
		{31AA367E-BA6D-46E2-9F45-CB182CA6A9E5}.Release|Any CPU.ActiveCfg = Release|Any CPU
		{31AA367E-BA6D-46E2-9F45-CB182CA6A9E5}.Release|Any CPU.Build.0 = Release|Any CPU
	EndGlobalSection
	GlobalSection(SolutionProperties) = preSolution
		HideSolutionNode = FALSE
	EndGlobalSection
	GlobalSection(ExtensibilityGlobals) = postSolution
		SolutionGuid = {DB69A0B3-5A32-4681-A0D0-026A33767E87}
	EndGlobalSection
EndGlobal
